// !$*UTF8*$!
{
	archiveVersion = 1;
	classes = {
	};
	objectVersion = 46;
	objects = {

/* Begin PBXBuildFile section */
		2FA15E5F163122B000FDE960 /* UIKit.framework in Frameworks */ = {isa = PBXBuildFile; fileRef = 2FA15E5E163122B000FDE960 /* UIKit.framework */; };
		2FA15E61163122B000FDE960 /* Foundation.framework in Frameworks */ = {isa = PBXBuildFile; fileRef = 2FA15E60163122B000FDE960 /* Foundation.framework */; };
		2FA15E63163122B000FDE960 /* CoreGraphics.framework in Frameworks */ = {isa = PBXBuildFile; fileRef = 2FA15E62163122B000FDE960 /* CoreGraphics.framework */; };
		2FA15E69163122B000FDE960 /* InfoPlist.strings in Resources */ = {isa = PBXBuildFile; fileRef = 2FA15E67163122B000FDE960 /* InfoPlist.strings */; };
		2FA15E6B163122B000FDE960 /* main.m in Sources */ = {isa = PBXBuildFile; fileRef = 2FA15E6A163122B000FDE960 /* main.m */; };
		2FA15E6F163122B000FDE960 /* AppDelegate.m in Sources */ = {isa = PBXBuildFile; fileRef = 2FA15E6E163122B000FDE960 /* AppDelegate.m */; };
		2FA15E72163122B000FDE960 /* ViewController.m in Sources */ = {isa = PBXBuildFile; fileRef = 2FA15E71163122B000FDE960 /* ViewController.m */; };
		2FA15E75163122B000FDE960 /* ViewController.xib in Resources */ = {isa = PBXBuildFile; fileRef = 2FA15E73163122B000FDE960 /* ViewController.xib */; };
		39FA102716314909005FA688 /* Icon.png in Resources */ = {isa = PBXBuildFile; fileRef = 39FA102616314909005FA688 /* Icon.png */; };
		39FA109E16314AF9005FA688 /* libWeChatSDK.a in Frameworks */ = {isa = PBXBuildFile; fileRef = 39FA109A16314AF9005FA688 /* libWeChatSDK.a */; };
		39FA10A016314B2D005FA688 /* libWeChatSDK_armv7_armv7s.a in Frameworks */ = {isa = PBXBuildFile; fileRef = 39FA109F16314B2D005FA688 /* libWeChatSDK_armv7_armv7s.a */; };
/* End PBXBuildFile section */

/* Begin PBXFileReference section */
		2FA15E5A163122B000FDE960 /* weixinDemo.app */ = {isa = PBXFileReference; explicitFileType = wrapper.application; includeInIndex = 0; path = weixinDemo.app; sourceTree = BUILT_PRODUCTS_DIR; };
		2FA15E5E163122B000FDE960 /* UIKit.framework */ = {isa = PBXFileReference; lastKnownFileType = wrapper.framework; name = UIKit.framework; path = System/Library/Frameworks/UIKit.framework; sourceTree = SDKROOT; };
		2FA15E60163122B000FDE960 /* Foundation.framework */ = {isa = PBXFileReference; lastKnownFileType = wrapper.framework; name = Foundation.framework; path = System/Library/Frameworks/Foundation.framework; sourceTree = SDKROOT; };
		2FA15E62163122B000FDE960 /* CoreGraphics.framework */ = {isa = PBXFileReference; lastKnownFileType = wrapper.framework; name = CoreGraphics.framework; path = System/Library/Frameworks/CoreGraphics.framework; sourceTree = SDKROOT; };
		2FA15E66163122B000FDE960 /* weixinDemo-Info.plist */ = {isa = PBXFileReference; lastKnownFileType = text.plist.xml; path = "weixinDemo-Info.plist"; sourceTree = "<group>"; };
		2FA15E68163122B000FDE960 /* en */ = {isa = PBXFileReference; lastKnownFileType = text.plist.strings; name = en; path = en.lproj/InfoPlist.strings; sourceTree = "<group>"; };
		2FA15E6A163122B000FDE960 /* main.m */ = {isa = PBXFileReference; lastKnownFileType = sourcecode.c.objc; path = main.m; sourceTree = "<group>"; };
		2FA15E6C163122B000FDE960 /* weixinDemo-Prefix.pch */ = {isa = PBXFileReference; lastKnownFileType = sourcecode.c.h; path = "weixinDemo-Prefix.pch"; sourceTree = "<group>"; };
		2FA15E6D163122B000FDE960 /* AppDelegate.h */ = {isa = PBXFileReference; lastKnownFileType = sourcecode.c.h; path = AppDelegate.h; sourceTree = "<group>"; };
		2FA15E6E163122B000FDE960 /* AppDelegate.m */ = {isa = PBXFileReference; lastKnownFileType = sourcecode.c.objc; path = AppDelegate.m; sourceTree = "<group>"; };
		2FA15E70163122B000FDE960 /* ViewController.h */ = {isa = PBXFileReference; lastKnownFileType = sourcecode.c.h; path = ViewController.h; sourceTree = "<group>"; };
		2FA15E71163122B000FDE960 /* ViewController.m */ = {isa = PBXFileReference; lastKnownFileType = sourcecode.c.objc; path = ViewController.m; sourceTree = "<group>"; };
		2FA15E74163122B000FDE960 /* en */ = {isa = PBXFileReference; lastKnownFileType = file.xib; name = en; path = en.lproj/ViewController.xib; sourceTree = "<group>"; };
		39FA102616314909005FA688 /* Icon.png */ = {isa = PBXFileReference; lastKnownFileType = image.png; path = Icon.png; sourceTree = "<group>"; };
		39FA109A16314AF9005FA688 /* libWeChatSDK.a */ = {isa = PBXFileReference; lastKnownFileType = archive.ar; path = libWeChatSDK.a; sourceTree = "<group>"; };
		39FA109B16314AF9005FA688 /* WXApi.h */ = {isa = PBXFileReference; fileEncoding = 4; lastKnownFileType = sourcecode.c.h; path = WXApi.h; sourceTree = "<group>"; };
		39FA109C16314AF9005FA688 /* WXApiObject.h */ = {isa = PBXFileReference; fileEncoding = 4; lastKnownFileType = sourcecode.c.h; path = WXApiObject.h; sourceTree = "<group>"; };
		39FA109F16314B2D005FA688 /* libWeChatSDK_armv7_armv7s.a */ = {isa = PBXFileReference; lastKnownFileType = archive.ar; path = libWeChatSDK_armv7_armv7s.a; sourceTree = "<group>"; };
/* End PBXFileReference section */

/* Begin PBXFrameworksBuildPhase section */
		2FA15E57163122B000FDE960 /* Frameworks */ = {
			isa = PBXFrameworksBuildPhase;
			buildActionMask = 2147483647;
			files = (
				2FA15E5F163122B000FDE960 /* UIKit.framework in Frameworks */,
				2FA15E61163122B000FDE960 /* Foundation.framework in Frameworks */,
				2FA15E63163122B000FDE960 /* CoreGraphics.framework in Frameworks */,
				39FA109E16314AF9005FA688 /* libWeChatSDK.a in Frameworks */,
				39FA10A016314B2D005FA688 /* libWeChatSDK_armv7_armv7s.a in Frameworks */,
			);
			runOnlyForDeploymentPostprocessing = 0;
		};
/* End PBXFrameworksBuildPhase section */

/* Begin PBXGroup section */
		2FA15E4F163122B000FDE960 = {
			isa = PBXGroup;
			children = (
				2FA15E861631270C00FDE960 /* weixinSDK */,
				2FA15E64163122B000FDE960 /* weixinDemo */,
				2FA15E5D163122B000FDE960 /* Frameworks */,
				2FA15E5B163122B000FDE960 /* Products */,
			);
			sourceTree = "<group>";
		};
		2FA15E5B163122B000FDE960 /* Products */ = {
			isa = PBXGroup;
			children = (
				2FA15E5A163122B000FDE960 /* weixinDemo.app */,
			);
			name = Products;
			sourceTree = "<group>";
		};
		2FA15E5D163122B000FDE960 /* Frameworks */ = {
			isa = PBXGroup;
			children = (
				2FA15E5E163122B000FDE960 /* UIKit.framework */,
				2FA15E60163122B000FDE960 /* Foundation.framework */,
				2FA15E62163122B000FDE960 /* CoreGraphics.framework */,
			);
			name = Frameworks;
			sourceTree = "<group>";
		};
		2FA15E64163122B000FDE960 /* weixinDemo */ = {
			isa = PBXGroup;
			children = (
				2FA15E6D163122B000FDE960 /* AppDelegate.h */,
				2FA15E6E163122B000FDE960 /* AppDelegate.m */,
				2FA15E70163122B000FDE960 /* ViewController.h */,
				2FA15E71163122B000FDE960 /* ViewController.m */,
				2FA15E73163122B000FDE960 /* ViewController.xib */,
				2FA15E65163122B000FDE960 /* Supporting Files */,
			);
			path = weixinDemo;
			sourceTree = "<group>";
		};
		2FA15E65163122B000FDE960 /* Supporting Files */ = {
			isa = PBXGroup;
			children = (
				2FA15E66163122B000FDE960 /* weixinDemo-Info.plist */,
				2FA15E67163122B000FDE960 /* InfoPlist.strings */,
				2FA15E6A163122B000FDE960 /* main.m */,
				2FA15E6C163122B000FDE960 /* weixinDemo-Prefix.pch */,
			);
			name = "Supporting Files";
			sourceTree = "<group>";
		};
		2FA15E861631270C00FDE960 /* weixinSDK */ = {
			isa = PBXGroup;
			children = (
				39FA109F16314B2D005FA688 /* libWeChatSDK_armv7_armv7s.a */,
				39FA109A16314AF9005FA688 /* libWeChatSDK.a */,
				39FA109B16314AF9005FA688 /* WXApi.h */,
				39FA109C16314AF9005FA688 /* WXApiObject.h */,
				39FA102616314909005FA688 /* Icon.png */,
			);
			name = weixinSDK;
			sourceTree = "<group>";
		};
/* End PBXGroup section */

/* Begin PBXNativeTarget section */
		2FA15E59163122B000FDE960 /* weixinDemo */ = {
			isa = PBXNativeTarget;
			buildConfigurationList = 2FA15E78163122B000FDE960 /* Build configuration list for PBXNativeTarget "weixinDemo" */;
			buildPhases = (
				2FA15E56163122B000FDE960 /* Sources */,
				2FA15E57163122B000FDE960 /* Frameworks */,
				2FA15E58163122B000FDE960 /* Resources */,
			);
			buildRules = (
			);
			dependencies = (
			);
			name = weixinDemo;
			productName = weixinDemo;
			productReference = 2FA15E5A163122B000FDE960 /* weixinDemo.app */;
			productType = "com.apple.product-type.application";
		};
/* End PBXNativeTarget section */

/* Begin PBXProject section */
		2FA15E51163122B000FDE960 /* Project object */ = {
			isa = PBXProject;
			attributes = {
				LastUpgradeCheck = 0440;
				ORGANIZATIONNAME = leadingwinner;
			};
			buildConfigurationList = 2FA15E54163122B000FDE960 /* Build configuration list for PBXProject "weixinDemo" */;
			compatibilityVersion = "Xcode 3.2";
			developmentRegion = English;
			hasScannedForEncodings = 0;
			knownRegions = (
				en,
			);
			mainGroup = 2FA15E4F163122B000FDE960;
			productRefGroup = 2FA15E5B163122B000FDE960 /* Products */;
			projectDirPath = "";
			projectRoot = "";
			targets = (
				2FA15E59163122B000FDE960 /* weixinDemo */,
			);
		};
/* End PBXProject section */

/* Begin PBXResourcesBuildPhase section */
		2FA15E58163122B000FDE960 /* Resources */ = {
			isa = PBXResourcesBuildPhase;
			buildActionMask = 2147483647;
			files = (
				2FA15E69163122B000FDE960 /* InfoPlist.strings in Resources */,
				2FA15E75163122B000FDE960 /* ViewController.xib in Resources */,
				39FA102716314909005FA688 /* Icon.png in Resources */,
			);
			runOnlyForDeploymentPostprocessing = 0;
		};
/* End PBXResourcesBuildPhase section */

/* Begin PBXSourcesBuildPhase section */
		2FA15E56163122B000FDE960 /* Sources */ = {
			isa = PBXSourcesBuildPhase;
			buildActionMask = 2147483647;
			files = (
				2FA15E6B163122B000FDE960 /* main.m in Sources */,
				2FA15E6F163122B000FDE960 /* AppDelegate.m in Sources */,
				2FA15E72163122B000FDE960 /* ViewController.m in Sources */,
			);
			runOnlyForDeploymentPostprocessing = 0;
		};
/* End PBXSourcesBuildPhase section */

/* Begin PBXVariantGroup section */
		2FA15E67163122B000FDE960 /* InfoPlist.strings */ = {
			isa = PBXVariantGroup;
			children = (
				2FA15E68163122B000FDE960 /* en */,
			);
			name = InfoPlist.strings;
			sourceTree = "<group>";
		};
		2FA15E73163122B000FDE960 /* ViewController.xib */ = {
			isa = PBXVariantGroup;
			children = (
				2FA15E74163122B000FDE960 /* en */,
			);
			name = ViewController.xib;
			sourceTree = "<group>";
		};
/* End PBXVariantGroup section */

/* Begin XCBuildConfiguration section */
		2FA15E76163122B000FDE960 /* Debug */ = {
			isa = XCBuildConfiguration;
			buildSettings = {
				ALWAYS_SEARCH_USER_PATHS = NO;
				ARCHS = "$(ARCHS_STANDARD_32_BIT)";
				CLANG_CXX_LANGUAGE_STANDARD = "gnu++0x";
				CLANG_WARN__DUPLICATE_METHOD_MATCH = YES;
				"CODE_SIGN_IDENTITY[sdk=iphoneos*]" = "iPhone Developer";
				COPY_PHASE_STRIP = NO;
				GCC_C_LANGUAGE_STANDARD = gnu99;
				GCC_DYNAMIC_NO_PIC = NO;
				GCC_OPTIMIZATION_LEVEL = 0;
				GCC_PREPROCESSOR_DEFINITIONS = (
					"DEBUG=1",
					"$(inherited)",
				);
				GCC_SYMBOLS_PRIVATE_EXTERN = NO;
				GCC_VERSION = com.apple.compilers.llvm.clang.1_0;
				GCC_WARN_ABOUT_RETURN_TYPE = YES;
				GCC_WARN_UNINITIALIZED_AUTOS = YES;
				GCC_WARN_UNUSED_VARIABLE = YES;
				IPHONEOS_DEPLOYMENT_TARGET = 5.1;
				SDKROOT = iphoneos;
			};
			name = Debug;
		};
		2FA15E77163122B000FDE960 /* Release */ = {
			isa = XCBuildConfiguration;
			buildSettings = {
				ALWAYS_SEARCH_USER_PATHS = NO;
				ARCHS = "$(ARCHS_STANDARD_32_BIT)";
				CLANG_CXX_LANGUAGE_STANDARD = "gnu++0x";
				CLANG_WARN__DUPLICATE_METHOD_MATCH = YES;
				"CODE_SIGN_IDENTITY[sdk=iphoneos*]" = "iPhone Developer";
				COPY_PHASE_STRIP = YES;
				GCC_C_LANGUAGE_STANDARD = gnu99;
				GCC_VERSION = com.apple.compilers.llvm.clang.1_0;
				GCC_WARN_ABOUT_RETURN_TYPE = YES;
				GCC_WARN_UNINITIALIZED_AUTOS = YES;
				GCC_WARN_UNUSED_VARIABLE = YES;
				IPHONEOS_DEPLOYMENT_TARGET = 5.1;
				OTHER_CFLAGS = "-DNS_BLOCK_ASSERTIONS=1";
				SDKROOT = iphoneos;
				VALIDATE_PRODUCT = YES;
			};
			name = Release;
		};
		2FA15E79163122B000FDE960 /* Debug */ = {
			isa = XCBuildConfiguration;
			buildSettings = {
				GCC_PRECOMPILE_PREFIX_HEADER = YES;
				GCC_PREFIX_HEADER = "weixinDemo/weixinDemo-Prefix.pch";
				INFOPLIST_FILE = "weixinDemo/weixinDemo-Info.plist";
				LIBRARY_SEARCH_PATHS = (
					"$(inherited)",
					"\"$(SRCROOT)/WeChat SDK\"",
					"\"$(SRCROOT)\"",
				);
				PRODUCT_NAME = "$(TARGET_NAME)";
				WRAPPER_EXTENSION = app;
			};
			name = Debug;
		};
		2FA15E7A163122B000FDE960 /* Release */ = {
			isa = XCBuildConfiguration;
			buildSettings = {
				GCC_PRECOMPILE_PREFIX_HEADER = YES;
				GCC_PREFIX_HEADER = "weixinDemo/weixinDemo-Prefix.pch";
				INFOPLIST_FILE = "weixinDemo/weixinDemo-Info.plist";
				LIBRARY_SEARCH_PATHS = (
					"$(inherited)",
					"\"$(SRCROOT)/WeChat SDK\"",
					"\"$(SRCROOT)\"",
				);
				PRODUCT_NAME = "$(TARGET_NAME)";
				WRAPPER_EXTENSION = app;
			};
			name = Release;
		};
/* End XCBuildConfiguration section */

/* Begin XCConfigurationList section */
		2FA15E54163122B000FDE960 /* Build configuration list for PBXProject "weixinDemo" */ = {
			isa = XCConfigurationList;
			buildConfigurations = (
				2FA15E76163122B000FDE960 /* Debug */,
				2FA15E77163122B000FDE960 /* Release */,
			);
			defaultConfigurationIsVisible = 0;
			defaultConfigurationName = Release;
		};
		2FA15E78163122B000FDE960 /* Build configuration list for PBXNativeTarget "weixinDemo" */ = {
			isa = XCConfigurationList;
			buildConfigurations = (
				2FA15E79163122B000FDE960 /* Debug */,
				2FA15E7A163122B000FDE960 /* Release */,
			);
			defaultConfigurationIsVisible = 0;
			defaultConfigurationName = Release;
		};
/* End XCConfigurationList section */
	};
	rootObject = 2FA15E51163122B000FDE960 /* Project object */;
}
